{
  "name": "terminal-ai-co-agent",
  "version": "0.1.0",
  "lockfileVersion": 3,
  "requires": true,
  "packages": {
    "": {
      "name": "terminal-ai-co-agent",
      "version": "0.1.0",
      "license": "MIT",
      "bin": {
        "ai": "src/cli.js"
      },
      "engines": {
        "node": ">=18"
      }
    }
  }
}
